
Microsoft Visual Studio Solution File, Format Version 12.00
# Visual Studio 2013
VisualStudioVersion = 12.0.21005.1
MinimumVisualStudioVersion = 10.0.40219.1
Project("{8BC9CEB8-8B4A-11D0-8D11-00A0C91BC942}") = "ProcessingTraffic", "ProcessingTrafic.vcxproj", "{9D838206-A0E2-4D9C-8795-07E51FF0F113}"
EndProject
Project("{8BC9CEB8-8B4A-11D0-8D11-00A0C91BC942}") = "ProcessingTraffic.Tests", "..\ProcessingTrafic.Tests\ProcessingTrafic.Tests.vcxproj", "{863EF659-650D-4327-92F6-21893FB289C9}"
	ProjectSection(ProjectDependencies) = postProject
		{9D838206-A0E2-4D9C-8795-07E51FF0F113} = {9D838206-A0E2-4D9C-8795-07E51FF0F113}
	EndProjectSection
EndProject
Global
	GlobalSection(SolutionConfigurationPlatforms) = preSolution
		Debug|Win32 = Debug|Win32
		Release|Win32 = Release|Win32
	EndGlobalSection
	GlobalSection(ProjectConfigurationPlatforms) = postSolution
		{9D838206-A0E2-4D9C-8795-07E51FF0F113}.Debug|Win32.ActiveCfg = Debug|Win32
		{9D838206-A0E2-4D9C-8795-07E51FF0F113}.Debug|Win32.Build.0 = Debug|Win32
		{9D838206-A0E2-4D9C-8795-07E51FF0F113}.Release|Win32.ActiveCfg = Release|Win32
		{9D838206-A0E2-4D9C-8795-07E51FF0F113}.Release|Win32.Build.0 = Release|Win32
		{863EF659-650D-4327-92F6-21893FB289C9}.Debug|Win32.ActiveCfg = Debug|Win32
		{863EF659-650D-4327-92F6-21893FB289C9}.Debug|Win32.Build.0 = Debug|Win32
		{863EF659-650D-4327-92F6-21893FB289C9}.Release|Win32.ActiveCfg = Release|Win32
		{863EF659-650D-4327-92F6-21893FB289C9}.Release|Win32.Build.0 = Release|Win32
	EndGlobalSection
	GlobalSection(SolutionProperties) = preSolution
		HideSolutionNode = FALSE
	EndGlobalSection
EndGlobal
